lockfileVersion: '6.0'

settings:
  autoInstallPeers: true
  excludeLinksFromLockfile: false

importers:

  .:
    devDependencies:
      prettier:
        specifier: ^3.0.3
        version: 3.0.3

  packages/powersync-sdk-web:
    dependencies:
      '@journeyapps/powersync-sdk-common':
        specifier: 0.0.1
        version: 0.0.1
      wa-sqlite:
        specifier: link:../../../ja-wa-sqlite
        version: link:../../../ja-wa-sqlite
    devDependencies:
      typescript:
        specifier: ^5.2.2
        version: 5.2.2

packages:

  /@journeyapps/powersync-sdk-common@0.0.1:
    resolution: {integrity: sha512-bK7Y4On1Rf0QT0/R78P3SpqT9/Lf7uzUHKzyi7KbFBel6uaPtnoSNoWcdbrFrDURyQF5oeDGZeEAHCmM+AF+5w==}
    dependencies:
      async-mutex: 0.4.0
      can-ndjson-stream: 1.0.2
      event-iterator: 2.0.0
      js-logger: 1.6.1
      lodash: 4.17.21
      object-hash: 3.0.0
      uuid: 3.4.0
    dev: false

  /async-mutex@0.4.0:
    resolution: {integrity: sha512-eJFZ1YhRR8UN8eBLoNzcDPcy/jqjsg6I1AP+KvWQX80BqOSW1oJPJXDylPUEeMr2ZQvHgnQ//Lp6f3RQ1zI7HA==}
    dependencies:
      tslib: 2.6.2
    dev: false

  /can-namespace@1.0.0:
    resolution: {integrity: sha512-1sBY/SLwwcmxz3NhyVhLjt2uD/dZ7V1mII82/MIXSDn5QXnslnosJnjlP8+yTx2uTCRvw1jlFDElRs4pX7AG5w==}
    dev: false

  /can-ndjson-stream@1.0.2:
    resolution: {integrity: sha512-//tM8wcTV42SyD1JGua7WMVftZEeTwapcHJTTe3vJwuVywXD01CJbdEkgwRYjy2evIByVJV21ZKBdSv5ygIw1w==}
    dependencies:
      can-namespace: 1.0.0
    dev: false

  /event-iterator@2.0.0:
    resolution: {integrity: sha512-KGft0ldl31BZVV//jj+IAIGCxkvvUkkON+ScH6zfoX+l+omX6001ggyRSpI0Io2Hlro0ThXotswCtfzS8UkIiQ==}
    dev: false

  /js-logger@1.6.1:
    resolution: {integrity: sha512-yTgMCPXVjhmg28CuUH8CKjU+cIKL/G+zTu4Fn4lQxs8mRFH/03QTNvEFngcxfg/gRDiQAOoyCKmMTOm9ayOzXA==}
    dev: false

  /lodash@4.17.21:
    resolution: {integrity: sha512-v2kDEe57lecTulaDIuNTPy3Ry4gLGJ6Z1O3vE1krgXZNrsQ+LFTGHVxVjcXPs17LhbZVGedAJv8XZ1tvj5FvSg==}
    dev: false

  /object-hash@3.0.0:
    resolution: {integrity: sha512-RSn9F68PjH9HqtltsSnqYC1XXoWe9Bju5+213R98cNGttag9q9yAOTzdbsqvIa7aNm5WffBZFpWYr2aWrklWAw==}
    engines: {node: '>= 6'}
    dev: false

  /prettier@3.0.3:
    resolution: {integrity: sha512-L/4pUDMxcNa8R/EthV08Zt42WBO4h1rarVtK0K+QJG0X187OLo7l699jWw0GKuwzkPQ//jMFA/8Xm6Fh3J/DAg==}
    engines: {node: '>=14'}
    hasBin: true
    dev: true

  /tslib@2.6.2:
    resolution: {integrity: sha512-AEYxH93jGFPn/a2iVAwW87VuUIkR1FVUKB77NwMF7nBTDkDrrT/Hpt/IrCJ0QXhW27jTBDcf5ZY7w6RiqTMw2Q==}
    dev: false

  /typescript@5.2.2:
    resolution: {integrity: sha512-mI4WrpHsbCIcwT9cF4FZvr80QUeKvsUsUvKDoR+X/7XHQH98xYD8YHZg7ANtz2GtZt/CBq2QJ0thkGJMHfqc1w==}
    engines: {node: '>=14.17'}
    hasBin: true
    dev: true

  /uuid@3.4.0:
    resolution: {integrity: sha512-HjSDRw6gZE5JMggctHBcjVak08+KEVhSIiDzFnT9S9aegmp85S/bReBVTb4QTFaRNptJ9kuYaNhnbNEOkbKb/A==}
    deprecated: Please upgrade  to version 7 or higher.  Older versions may use Math.random() in certain circumstances, which is known to be problematic.  See https://v8.dev/blog/math-random for details.
    hasBin: true
    dev: false
